
Microsoft Visual Studio Solution File, Format Version 12.00
# Visual Studio Version 16
VisualStudioVersion = 16.0.30717.126
MinimumVisualStudioVersion = 10.0.40219.1
Project("{FAE04EC0-301F-11D3-BF4B-00C04F79EFBC}") = "Blazorpodejscie1", "Blazorpodejscie1\Blazorpodejscie1.csproj", "{BDA0B369-7D26-4E4D-A7E2-CFBB4A8158F0}"
EndProject
Global
	GlobalSection(SolutionConfigurationPlatforms) = preSolution
		Debug|Any CPU = Debug|Any CPU
		Release|Any CPU = Release|Any CPU
	EndGlobalSection
	GlobalSection(ProjectConfigurationPlatforms) = postSolution
		{BDA0B369-7D26-4E4D-A7E2-CFBB4A8158F0}.Debug|Any CPU.ActiveCfg = Debug|Any CPU
		{BDA0B369-7D26-4E4D-A7E2-CFBB4A8158F0}.Debug|Any CPU.Build.0 = Debug|Any CPU
		{BDA0B369-7D26-4E4D-A7E2-CFBB4A8158F0}.Release|Any CPU.ActiveCfg = Release|Any CPU
		{BDA0B369-7D26-4E4D-A7E2-CFBB4A8158F0}.Release|Any CPU.Build.0 = Release|Any CPU
	EndGlobalSection
	GlobalSection(SolutionProperties) = preSolution
		HideSolutionNode = FALSE
	EndGlobalSection
	GlobalSection(ExtensibilityGlobals) = postSolution
		SolutionGuid = {D9D4155E-8C89-41D9-A340-C897BED58A46}
	EndGlobalSection
EndGlobal
